<?xml version="1.0" encoding="utf-8"?>
<Project ToolsVersion="4.0" xmlns="http://schemas.microsoft.com/developer/msbuild/2003">
  <ItemGroup>
    <ClCompile Include="$(MSBuildThisFileDirectory)Utility.cpp">
      <Filter>Containers</Filter>
    </ClCompile>
    <ClCompile Include="$(MSBuildThisFileDirectory)Datum.cpp">
      <Filter>Kernel</Filter>
    </ClCompile>
    <ClCompile Include="$(MSBuildThisFileDirectory)Scope.cpp">
      <Filter>Kernel</Filter>
    </ClCompile>
    <ClCompile Include="$(MSBuildThisFileDirectory)Attributed.cpp">
      <Filter>Kernel</Filter>
    </ClCompile>
    <ClCompile Include="$(MSBuildThisFileDirectory)Signature.cpp">
      <Filter>Kernel</Filter>
    </ClCompile>
    <ClCompile Include="$(MSBuildThisFileDirectory)TypeManager.cpp">
      <Filter>Kernel</Filter>
    </ClCompile>
    <ClCompile Include="$(MSBuildThisFileDirectory)IJsonParseHelper.cpp">
      <Filter>Parser</Filter>
    </ClCompile>
    <ClCompile Include="$(MSBuildThisFileDirectory)JsonParseMaster.cpp">
      <Filter>Parser</Filter>
    </ClCompile>
    <ClCompile Include="$(MSBuildThisFileDirectory)JsonTableParseHelper.cpp">
      <Filter>Parser</Filter>
    </ClCompile>
    <ClCompile Include="$(MSBuildThisFileDirectory)Entity.cpp">
      <Filter>Kernel</Filter>
    </ClCompile>
    <ClCompile Include="$(MSBuildThisFileDirectory)pch.cpp">
      <Filter>Kernel</Filter>
    </ClCompile>
    <ClCompile Include="$(MSBuildThisFileDirectory)Sector.cpp">
      <Filter>Kernel</Filter>
    </ClCompile>
    <ClCompile Include="$(MSBuildThisFileDirectory)World.cpp">
      <Filter>Kernel</Filter>
    </ClCompile>
    <ClCompile Include="$(MSBuildThisFileDirectory)WorldState.cpp">
      <Filter>Kernel</Filter>
    </ClCompile>
    <ClCompile Include="$(MSBuildThisFileDirectory)ActionListIf.cpp">
      <Filter>Actions</Filter>
    </ClCompile>
    <ClCompile Include="$(MSBuildThisFileDirectory)ActionIncrement.cpp">
      <Filter>Actions</Filter>
    </ClCompile>
    <ClCompile Include="$(MSBuildThisFileDirectory)EventPublisher.cpp">
      <Filter>Events</Filter>
    </ClCompile>
    <ClCompile Include="$(MSBuildThisFileDirectory)EventQueue.cpp">
      <Filter>Events</Filter>
    </ClCompile>
    <ClCompile Include="$(MSBuildThisFileDirectory)EventSubscriber.cpp">
      <Filter>Events</Filter>
    </ClCompile>
    <ClCompile Include="$(MSBuildThisFileDirectory)ActionList.cpp">
      <Filter>Actions</Filter>
    </ClCompile>
    <ClCompile Include="$(MSBuildThisFileDirectory)GameClock.cpp">
      <Filter>Misc</Filter>
    </ClCompile>
    <ClCompile Include="$(MSBuildThisFileDirectory)GameTime.cpp">
      <Filter>Misc</Filter>
    </ClCompile>
    <ClCompile Include="$(MSBuildThisFileDirectory)ActionEvent.cpp">
      <Filter>Actions</Filter>
    </ClCompile>
    <ClCompile Include="$(MSBuildThisFileDirectory)Action.cpp">
      <Filter>Actions</Filter>
    </ClCompile>
    <ClCompile Include="$(MSBuildThisFileDirectory)Reaction.cpp">
      <Filter>Actions</Filter>
    </ClCompile>
    <ClCompile Include="$(MSBuildThisFileDirectory)ReactionAttributed.cpp">
      <Filter>Actions</Filter>
    </ClCompile>
    <ClCompile Include="$(MSBuildThisFileDirectory)EventMessageAttributed.cpp">
      <Filter>Events</Filter>
    </ClCompile>
    <ClCompile Include="$(MSBuildThisFileDirectory)ActionCreateAction.cpp">
      <Filter>Actions</Filter>
    </ClCompile>
    <ClCompile Include="$(MSBuildThisFileDirectory)ActionDeleteAction.cpp">
      <Filter>Actions</Filter>
    </ClCompile>
  </ItemGroup>
  <ItemGroup>
    <ClInclude Include="$(MSBuildThisFileDirectory)DefaultComparator.h">
      <Filter>Containers</Filter>
    </ClInclude>
    <ClInclude Include="$(MSBuildThisFileDirectory)DefaultHash.h">
      <Filter>Containers</Filter>
    </ClInclude>
    <ClInclude Include="$(MSBuildThisFileDirectory)HashMap.h">
      <Filter>Containers</Filter>
    </ClInclude>
    <ClInclude Include="$(MSBuildThisFileDirectory)SList.h">
      <Filter>Containers</Filter>
    </ClInclude>
    <ClInclude Include="$(MSBuildThisFileDirectory)Utility.h">
      <Filter>Containers</Filter>
    </ClInclude>
    <ClInclude Include="$(MSBuildThisFileDirectory)vector.h">
      <Filter>Containers</Filter>
    </ClInclude>
    <ClInclude Include="$(MSBuildThisFileDirectory)Datum.h">
      <Filter>Kernel</Filter>
    </ClInclude>
    <ClInclude Include="$(MSBuildThisFileDirectory)RTTI.h">
      <Filter>Kernel</Filter>
    </ClInclude>
    <ClInclude Include="$(MSBuildThisFileDirectory)Scope.h">
      <Filter>Kernel</Filter>
    </ClInclude>
    <ClInclude Include="$(MSBuildThisFileDirectory)Attributed.h">
      <Filter>Kernel</Filter>
    </ClInclude>
    <ClInclude Include="$(MSBuildThisFileDirectory)Signature.h">
      <Filter>Kernel</Filter>
    </ClInclude>
    <ClInclude Include="$(MSBuildThisFileDirectory)TypeManager.h">
      <Filter>Kernel</Filter>
    </ClInclude>
    <ClInclude Include="$(MSBuildThisFileDirectory)IJsonParseHelper.h">
      <Filter>Parser</Filter>
    </ClInclude>
    <ClInclude Include="$(MSBuildThisFileDirectory)JsonParseMaster.h">
      <Filter>Parser</Filter>
    </ClInclude>
    <ClInclude Include="$(MSBuildThisFileDirectory)Stack.h">
      <Filter>Containers</Filter>
    </ClInclude>
    <ClInclude Include="$(MSBuildThisFileDirectory)JsonTableParseHelper.h">
      <Filter>Parser</Filter>
    </ClInclude>
    <ClInclude Include="$(MSBuildThisFileDirectory)Factory.h">
      <Filter>Kernel</Filter>
    </ClInclude>
    <ClInclude Include="$(MSBuildThisFileDirectory)Entity.h">
      <Filter>Kernel</Filter>
    </ClInclude>
    <ClInclude Include="$(MSBuildThisFileDirectory)pch.h">
      <Filter>Kernel</Filter>
    </ClInclude>
    <ClInclude Include="$(MSBuildThisFileDirectory)Sector.h">
      <Filter>Kernel</Filter>
    </ClInclude>
    <ClInclude Include="$(MSBuildThisFileDirectory)World.h">
      <Filter>Kernel</Filter>
    </ClInclude>
    <ClInclude Include="$(MSBuildThisFileDirectory)WorldState.h">
      <Filter>Kernel</Filter>
    </ClInclude>
    <ClInclude Include="$(MSBuildThisFileDirectory)ActionListIf.h">
      <Filter>Actions</Filter>
    </ClInclude>
    <ClInclude Include="$(MSBuildThisFileDirectory)ActionIncrement.h">
      <Filter>Actions</Filter>
    </ClInclude>
    <ClInclude Include="$(MSBuildThisFileDirectory)Event.h">
      <Filter>Events</Filter>
    </ClInclude>
    <ClInclude Include="$(MSBuildThisFileDirectory)EventPublisher.h">
      <Filter>Events</Filter>
    </ClInclude>
    <ClInclude Include="$(MSBuildThisFileDirectory)EventQueue.h">
      <Filter>Events</Filter>
    </ClInclude>
    <ClInclude Include="$(MSBuildThisFileDirectory)EventSubscriber.h">
      <Filter>Events</Filter>
    </ClInclude>
    <ClInclude Include="$(MSBuildThisFileDirectory)ActionList.h">
      <Filter>Actions</Filter>
    </ClInclude>
    <ClInclude Include="$(MSBuildThisFileDirectory)GameClock.h">
      <Filter>Misc</Filter>
    </ClInclude>
    <ClInclude Include="$(MSBuildThisFileDirectory)GameTime.h">
      <Filter>Misc</Filter>
    </ClInclude>
    <ClInclude Include="$(MSBuildThisFileDirectory)ActionEvent.h">
      <Filter>Actions</Filter>
    </ClInclude>
    <ClInclude Include="$(MSBuildThisFileDirectory)Action.h">
      <Filter>Actions</Filter>
    </ClInclude>
    <ClInclude Include="$(MSBuildThisFileDirectory)Reaction.h">
      <Filter>Actions</Filter>
    </ClInclude>
    <ClInclude Include="$(MSBuildThisFileDirectory)ReactionAttributed.h">
      <Filter>Actions</Filter>
    </ClInclude>
    <ClInclude Include="$(MSBuildThisFileDirectory)EventMessageAttributed.h">
      <Filter>Events</Filter>
    </ClInclude>
    <ClInclude Include="$(MSBuildThisFileDirectory)ActionCreateAction.h">
      <Filter>Actions</Filter>
    </ClInclude>
    <ClInclude Include="$(MSBuildThisFileDirectory)ActionDeleteAction.h">
      <Filter>Actions</Filter>
    </ClInclude>
  </ItemGroup>
  <ItemGroup>
    <None Include="$(MSBuildThisFileDirectory)DefaultComparator.inl">
      <Filter>Containers</Filter>
    </None>
    <None Include="$(MSBuildThisFileDirectory)DefaultHash.inl">
      <Filter>Containers</Filter>
    </None>
    <None Include="$(MSBuildThisFileDirectory)HashMap.inl">
      <Filter>Containers</Filter>
    </None>
    <None Include="$(MSBuildThisFileDirectory)SList.inl">
      <Filter>Containers</Filter>
    </None>
    <None Include="$(MSBuildThisFileDirectory)Utility.inl">
      <Filter>Containers</Filter>
    </None>
    <None Include="$(MSBuildThisFileDirectory)vector.inl">
      <Filter>Containers</Filter>
    </None>
    <None Include="$(MSBuildThisFileDirectory)Datum.inl">
      <Filter>Kernel</Filter>
    </None>
    <None Include="$(MSBuildThisFileDirectory)Stack.inl">
      <Filter>Containers</Filter>
    </None>
    <None Include="$(MSBuildThisFileDirectory)Factory.inl">
      <Filter>Kernel</Filter>
    </None>
    <None Include="$(MSBuildThisFileDirectory)Scope.inl">
      <Filter>Kernel</Filter>
    </None>
    <None Include="$(MSBuildThisFileDirectory)Event.inl">
      <Filter>Events</Filter>
    </None>
  </ItemGroup>
  <ItemGroup>
    <Filter Include="Containers">
      <UniqueIdentifier>{9af7fbc7-da2e-4be8-bdd2-d9b89b3adb29}</UniqueIdentifier>
    </Filter>
    <Filter Include="Kernel">
      <UniqueIdentifier>{6e6c6c4c-d7c5-421b-a000-a9f46e15690e}</UniqueIdentifier>
    </Filter>
    <Filter Include="Parser">
      <UniqueIdentifier>{da2b5410-3209-4452-9044-6ba1cad68f8e}</UniqueIdentifier>
    </Filter>
    <Filter Include="Actions">
      <UniqueIdentifier>{002b05de-b32c-4940-9c21-587ba7758439}</UniqueIdentifier>
    </Filter>
    <Filter Include="Events">
      <UniqueIdentifier>{43155aec-a739-4dc3-b0f3-673ebb3b801f}</UniqueIdentifier>
    </Filter>
    <Filter Include="Misc">
      <UniqueIdentifier>{56eb8b72-f7e8-462d-b23a-85d67fd58483}</UniqueIdentifier>
    </Filter>
  </ItemGroup>
</Project>